
Microsoft Visual Studio Solution File, Format Version 12.00
# Visual Studio Version 16
VisualStudioVersion = 16.0.33801.447
MinimumVisualStudioVersion = 10.0.40219.1
Project("{FAE04EC0-301F-11D3-BF4B-00C04F79EFBC}") = "PblExporter", "PblExporter\PblExporter.csproj", "{91E474EE-22F7-49A3-8B34-CCB499D83F2F}"
EndProject
Project("{FAE04EC0-301F-11D3-BF4B-00C04F79EFBC}") = "PblExporter.Core", "PblExporter.Core\PblExporter.Core.csproj", "{B4E73D3A-4A08-4AAF-9F2B-39D26511B182}"
EndProject
Global
	GlobalSection(SolutionConfigurationPlatforms) = preSolution
		Debug|Any CPU = Debug|Any CPU
		Release|Any CPU = Release|Any CPU
	EndGlobalSection
	GlobalSection(ProjectConfigurationPlatforms) = postSolution
		{91E474EE-22F7-49A3-8B34-CCB499D83F2F}.Debug|Any CPU.ActiveCfg = Debug|Any CPU
		{91E474EE-22F7-49A3-8B34-CCB499D83F2F}.Debug|Any CPU.Build.0 = Debug|Any CPU
		{91E474EE-22F7-49A3-8B34-CCB499D83F2F}.Release|Any CPU.ActiveCfg = Release|Any CPU
		{91E474EE-22F7-49A3-8B34-CCB499D83F2F}.Release|Any CPU.Build.0 = Release|Any CPU
		{B4E73D3A-4A08-4AAF-9F2B-39D26511B182}.Debug|Any CPU.ActiveCfg = Debug|Any CPU
		{B4E73D3A-4A08-4AAF-9F2B-39D26511B182}.Debug|Any CPU.Build.0 = Debug|Any CPU
		{B4E73D3A-4A08-4AAF-9F2B-39D26511B182}.Release|Any CPU.ActiveCfg = Release|Any CPU
		{B4E73D3A-4A08-4AAF-9F2B-39D26511B182}.Release|Any CPU.Build.0 = Release|Any CPU
	EndGlobalSection
	GlobalSection(SolutionProperties) = preSolution
		HideSolutionNode = FALSE
	EndGlobalSection
	GlobalSection(ExtensibilityGlobals) = postSolution
		SolutionGuid = {E5B2812F-97AD-480C-B6A2-69EFC50A34C9}
	EndGlobalSection
EndGlobal
